{
  "name": "app",
  "version": "1.0.0",
  "lockfileVersion": 3,
  "requires": true,
  "packages": {
    "": {
      "name": "app",
      "version": "1.0.0",
      "license": "ISC",
      "dependencies": {
        "lion-lib-yuelin": "^1.0.0"
      }
    },
    "node_modules/lion-lib-yuelin": {
      "version": "1.0.0",
      "resolved": "https://registry.npmjs.org/lion-lib-yuelin/-/lion-lib-yuelin-1.0.0.tgz",
      "integrity": "sha512-bGPCZhxY1l8Ytg+5EwBCBndwomHoZ0eprwQTkcoBtdiy9pUZ+C/Ht09W+lAUgvr0VOZAvI7fY5h8zuNmVIvQtw=="
    }
  }
}
